<?xml version="1.0" encoding="UTF-8" standalone="yes" ?>
<CodeBlocks_project_file>
	<FileVersion major="1" minor="6" />
	<Project>
		<Option title="BanGa" />
		<Option pch_mode="2" />
		<Option compiler="gcc" />
		<Build>
			<Target title="Debug">
				<Option output="bin/Debug/BanGa" prefix_auto="1" extension_auto="1" />
				<Option object_output="obj/Debug/" />
				<Option type="1" />
				<Option compiler="gcc" />
				<Compiler>
					<Add option="-g" />
					<Add directory="../BanGa" />
					<Add directory="source" />
				</Compiler>
			</Target>
			<Target title="Release">
				<Option output="bin/Release/BanGa" prefix_auto="1" extension_auto="1" />
				<Option object_output="obj/Release/" />
				<Option type="1" />
				<Option compiler="gcc" />
				<Compiler>
					<Add option="-O2" />
					<Add directory="../BanGa" />
					<Add directory="source" />
				</Compiler>
				<Linker>
					<Add option="-s" />
				</Linker>
			</Target>
		</Build>
		<Compiler>
			<Add option="-Wall" />
		</Compiler>
		<Unit filename="source/Bullet.cpp" />
		<Unit filename="source/Bullet.hpp" />
		<Unit filename="source/Chicken.cpp" />
		<Unit filename="source/Chicken.hpp" />
		<Unit filename="source/Collision.cpp" />
		<Unit filename="source/Collision.h" />
		<Unit filename="source/Entity.cpp" />
		<Unit filename="source/Entity.h" />
		<Unit filename="source/Game.cpp" />
		<Unit filename="source/Game.hpp" />
		<Unit filename="source/Plane.cpp" />
		<Unit filename="source/Plane.hpp" />
		<Unit filename="source/main.cpp" />
		<Extensions>
			<lib_finder disable_auto="1" />
		</Extensions>
	</Project>
</CodeBlocks_project_file>
